
Microsoft Visual Studio Solution File, Format Version 12.00
# Visual Studio Version 17
VisualStudioVersion = 17.11.35312.102
MinimumVisualStudioVersion = 10.0.40219.1
Project("{9A19103F-16F7-4668-BE54-9A1E7A4F7556}") = "GuestServices", "GuestServices\GuestServices.csproj", "{4B1AF32D-5AD0-4E2D-ACC0-AB74B466D890}"
EndProject
Project("{FAE04EC0-301F-11D3-BF4B-00C04F79EFBC}") = "GuestServicesLibrary", "DataAccessLibrary\GuestServicesLibrary.csproj", "{5F2DC1F8-50E1-44D1-A87E-8D14D2119CDC}"
EndProject
Global
	GlobalSection(SolutionConfigurationPlatforms) = preSolution
		Debug|Any CPU = Debug|Any CPU
		Release|Any CPU = Release|Any CPU
	EndGlobalSection
	GlobalSection(ProjectConfigurationPlatforms) = postSolution
		{4B1AF32D-5AD0-4E2D-ACC0-AB74B466D890}.Debug|Any CPU.ActiveCfg = Debug|Any CPU
		{4B1AF32D-5AD0-4E2D-ACC0-AB74B466D890}.Debug|Any CPU.Build.0 = Debug|Any CPU
		{4B1AF32D-5AD0-4E2D-ACC0-AB74B466D890}.Release|Any CPU.ActiveCfg = Release|Any CPU
		{4B1AF32D-5AD0-4E2D-ACC0-AB74B466D890}.Release|Any CPU.Build.0 = Release|Any CPU
		{5F2DC1F8-50E1-44D1-A87E-8D14D2119CDC}.Debug|Any CPU.ActiveCfg = Debug|Any CPU
		{5F2DC1F8-50E1-44D1-A87E-8D14D2119CDC}.Debug|Any CPU.Build.0 = Debug|Any CPU
		{5F2DC1F8-50E1-44D1-A87E-8D14D2119CDC}.Release|Any CPU.ActiveCfg = Release|Any CPU
		{5F2DC1F8-50E1-44D1-A87E-8D14D2119CDC}.Release|Any CPU.Build.0 = Release|Any CPU
	EndGlobalSection
	GlobalSection(SolutionProperties) = preSolution
		HideSolutionNode = FALSE
	EndGlobalSection
	GlobalSection(ExtensibilityGlobals) = postSolution
		SolutionGuid = {14BCDB45-C3E3-40BC-8DC3-F67FD9B5A379}
	EndGlobalSection
EndGlobal
